
Microsoft Visual Studio Solution File, Format Version 12.00
# Visual Studio Version 17
VisualStudioVersion = 17.9.34728.123
MinimumVisualStudioVersion = 10.0.40219.1
Project("{FAE04EC0-301F-11D3-BF4B-00C04F79EFBC}") = "lab5", "lab5.csproj", "{A5AE7C0E-26DC-4F1A-B371-63D02F15A9BE}"
EndProject
Global
	GlobalSection(SolutionConfigurationPlatforms) = preSolution
		Debug|Any CPU = Debug|Any CPU
		Release|Any CPU = Release|Any CPU
	EndGlobalSection
	GlobalSection(ProjectConfigurationPlatforms) = postSolution
		{A5AE7C0E-26DC-4F1A-B371-63D02F15A9BE}.Debug|Any CPU.ActiveCfg = Debug|Any CPU
		{A5AE7C0E-26DC-4F1A-B371-63D02F15A9BE}.Debug|Any CPU.Build.0 = Debug|Any CPU
		{A5AE7C0E-26DC-4F1A-B371-63D02F15A9BE}.Release|Any CPU.ActiveCfg = Release|Any CPU
		{A5AE7C0E-26DC-4F1A-B371-63D02F15A9BE}.Release|Any CPU.Build.0 = Release|Any CPU
	EndGlobalSection
	GlobalSection(SolutionProperties) = preSolution
		HideSolutionNode = FALSE
	EndGlobalSection
	GlobalSection(ExtensibilityGlobals) = postSolution
		SolutionGuid = {6478A2F4-6E5D-404F-ABC9-858694A817B2}
	EndGlobalSection
EndGlobal
